
Microsoft Visual Studio Solution File, Format Version 12.00
Project("{FAE04EC0-301F-11D3-BF4B-00C04F79EFBC}") = "WoowzLib", "Module\WoowzLib\WoowzLib.csproj", "{9961FECF-016F-4334-8A9D-425CF48DFDFF}"
EndProject
Project("{2150E333-8FDC-42A3-9474-1A3956D46DE8}") = "Other", "Other", "{4AAF230F-46E6-440F-B395-B263E8CE0B4F}"
EndProject
Project("{2150E333-8FDC-42A3-9474-1A3956D46DE8}") = "Module", "Module", "{42FEA4D1-F05C-4242-B1E4-7376009A3FA5}"
EndProject
Project("{FAE04EC0-301F-11D3-BF4B-00C04F79EFBC}") = "WLVersionUpdater", "Other\WLVersionUpdater\WLVersionUpdater.csproj", "{7019C30C-2287-4E72-ABEA-756A81200E0C}"
EndProject
Project("{FAE04EC0-301F-11D3-BF4B-00C04F79EFBC}") = "WoowzLib.Execution", "Module\Execution\WoowzLib.Execution.csproj", "{0138E003-0BB4-4D6E-92A6-270726E15FB7}"
EndProject
Global
	GlobalSection(SolutionConfigurationPlatforms) = preSolution
		Debug|Any CPU = Debug|Any CPU
		Release|Any CPU = Release|Any CPU
	EndGlobalSection
	GlobalSection(ProjectConfigurationPlatforms) = postSolution
		{9961FECF-016F-4334-8A9D-425CF48DFDFF}.Debug|Any CPU.ActiveCfg = Debug|Any CPU
		{9961FECF-016F-4334-8A9D-425CF48DFDFF}.Debug|Any CPU.Build.0 = Debug|Any CPU
		{9961FECF-016F-4334-8A9D-425CF48DFDFF}.Release|Any CPU.ActiveCfg = Release|Any CPU
		{9961FECF-016F-4334-8A9D-425CF48DFDFF}.Release|Any CPU.Build.0 = Release|Any CPU
		{7019C30C-2287-4E72-ABEA-756A81200E0C}.Debug|Any CPU.ActiveCfg = Debug|Any CPU
		{7019C30C-2287-4E72-ABEA-756A81200E0C}.Debug|Any CPU.Build.0 = Debug|Any CPU
		{7019C30C-2287-4E72-ABEA-756A81200E0C}.Release|Any CPU.ActiveCfg = Release|Any CPU
		{7019C30C-2287-4E72-ABEA-756A81200E0C}.Release|Any CPU.Build.0 = Release|Any CPU
		{0138E003-0BB4-4D6E-92A6-270726E15FB7}.Debug|Any CPU.ActiveCfg = Debug|Any CPU
		{0138E003-0BB4-4D6E-92A6-270726E15FB7}.Debug|Any CPU.Build.0 = Debug|Any CPU
		{0138E003-0BB4-4D6E-92A6-270726E15FB7}.Release|Any CPU.ActiveCfg = Release|Any CPU
		{0138E003-0BB4-4D6E-92A6-270726E15FB7}.Release|Any CPU.Build.0 = Release|Any CPU
	EndGlobalSection
	GlobalSection(NestedProjects) = preSolution
		{9961FECF-016F-4334-8A9D-425CF48DFDFF} = {42FEA4D1-F05C-4242-B1E4-7376009A3FA5}
		{7019C30C-2287-4E72-ABEA-756A81200E0C} = {4AAF230F-46E6-440F-B395-B263E8CE0B4F}
		{0138E003-0BB4-4D6E-92A6-270726E15FB7} = {42FEA4D1-F05C-4242-B1E4-7376009A3FA5}
	EndGlobalSection
EndGlobal
