
Microsoft Visual Studio Solution File, Format Version 12.00
Project("{FAE04EC0-301F-11D3-BF4B-00C04F79EFBC}") = "WoowzLib.Core", "WoowzLib.Core\WoowzLib.Core.csproj", "{DAC10669-9617-4F96-AFF2-2873D6AD4B65}"
EndProject
Project("{FAE04EC0-301F-11D3-BF4B-00C04F79EFBC}") = "WoowzLib.Window", "WoowzLib.Window\WoowzLib.Window.csproj", "{143A5651-072C-4035-93D4-9920A4A62465}"
EndProject
Project("{FAE04EC0-301F-11D3-BF4B-00C04F79EFBC}") = "WoowzLib.Window.GLFW", "WoowzLib.Window.GLFW\WoowzLib.Window.GLFW.csproj", "{790FBA61-F74D-4BE2-A623-1E2E9B2F31A1}"
EndProject
Project("{FAE04EC0-301F-11D3-BF4B-00C04F79EFBC}") = "WoowzLib.Render", "WoowzLib.Render\WoowzLib.Render.csproj", "{51F97313-4876-49AA-8CEB-1226BA6B7152}"
EndProject
Project("{FAE04EC0-301F-11D3-BF4B-00C04F79EFBC}") = "WoowzLib.Input", "WoowzLib.Input\WoowzLib.Input.csproj", "{5A091234-0709-49C8-BE8B-7CF7684A567A}"
EndProject
Project("{FAE04EC0-301F-11D3-BF4B-00C04F79EFBC}") = "WoowzLib.Logger", "WoowzLib.Logger\WoowzLib.Logger.csproj", "{824F455B-E1D6-4FB3-B373-916BEA3B8D40}"
EndProject
Project("{FAE04EC0-301F-11D3-BF4B-00C04F79EFBC}") = "WoowzLib.Render.Vulkan", "WoowzLib.Render.Vulkan\WoowzLib.Render.Vulkan.csproj", "{40C9A899-C0F7-4A46-9CDD-4807052E48E1}"
EndProject
Project("{FAE04EC0-301F-11D3-BF4B-00C04F79EFBC}") = "WoowzLib.Interface.ImGUI", "WoowzLib.Interface.ImGUI\WoowzLib.Interface.ImGUI.csproj", "{67EF38C9-16D3-4B25-8094-49241AC08495}"
EndProject
Global
	GlobalSection(SolutionConfigurationPlatforms) = preSolution
		Debug|Any CPU = Debug|Any CPU
		Release|Any CPU = Release|Any CPU
	EndGlobalSection
	GlobalSection(ProjectConfigurationPlatforms) = postSolution
		{DAC10669-9617-4F96-AFF2-2873D6AD4B65}.Debug|Any CPU.ActiveCfg = Debug|Any CPU
		{DAC10669-9617-4F96-AFF2-2873D6AD4B65}.Debug|Any CPU.Build.0 = Debug|Any CPU
		{DAC10669-9617-4F96-AFF2-2873D6AD4B65}.Release|Any CPU.ActiveCfg = Release|Any CPU
		{DAC10669-9617-4F96-AFF2-2873D6AD4B65}.Release|Any CPU.Build.0 = Release|Any CPU
		{143A5651-072C-4035-93D4-9920A4A62465}.Debug|Any CPU.ActiveCfg = Debug|Any CPU
		{143A5651-072C-4035-93D4-9920A4A62465}.Debug|Any CPU.Build.0 = Debug|Any CPU
		{143A5651-072C-4035-93D4-9920A4A62465}.Release|Any CPU.ActiveCfg = Release|Any CPU
		{143A5651-072C-4035-93D4-9920A4A62465}.Release|Any CPU.Build.0 = Release|Any CPU
		{790FBA61-F74D-4BE2-A623-1E2E9B2F31A1}.Debug|Any CPU.ActiveCfg = Debug|Any CPU
		{790FBA61-F74D-4BE2-A623-1E2E9B2F31A1}.Debug|Any CPU.Build.0 = Debug|Any CPU
		{790FBA61-F74D-4BE2-A623-1E2E9B2F31A1}.Release|Any CPU.ActiveCfg = Release|Any CPU
		{790FBA61-F74D-4BE2-A623-1E2E9B2F31A1}.Release|Any CPU.Build.0 = Release|Any CPU
		{51F97313-4876-49AA-8CEB-1226BA6B7152}.Debug|Any CPU.ActiveCfg = Debug|Any CPU
		{51F97313-4876-49AA-8CEB-1226BA6B7152}.Debug|Any CPU.Build.0 = Debug|Any CPU
		{51F97313-4876-49AA-8CEB-1226BA6B7152}.Release|Any CPU.ActiveCfg = Release|Any CPU
		{51F97313-4876-49AA-8CEB-1226BA6B7152}.Release|Any CPU.Build.0 = Release|Any CPU
		{5A091234-0709-49C8-BE8B-7CF7684A567A}.Debug|Any CPU.ActiveCfg = Debug|Any CPU
		{5A091234-0709-49C8-BE8B-7CF7684A567A}.Debug|Any CPU.Build.0 = Debug|Any CPU
		{5A091234-0709-49C8-BE8B-7CF7684A567A}.Release|Any CPU.ActiveCfg = Release|Any CPU
		{5A091234-0709-49C8-BE8B-7CF7684A567A}.Release|Any CPU.Build.0 = Release|Any CPU
		{824F455B-E1D6-4FB3-B373-916BEA3B8D40}.Debug|Any CPU.ActiveCfg = Debug|Any CPU
		{824F455B-E1D6-4FB3-B373-916BEA3B8D40}.Debug|Any CPU.Build.0 = Debug|Any CPU
		{824F455B-E1D6-4FB3-B373-916BEA3B8D40}.Release|Any CPU.ActiveCfg = Release|Any CPU
		{824F455B-E1D6-4FB3-B373-916BEA3B8D40}.Release|Any CPU.Build.0 = Release|Any CPU
		{40C9A899-C0F7-4A46-9CDD-4807052E48E1}.Debug|Any CPU.ActiveCfg = Debug|Any CPU
		{40C9A899-C0F7-4A46-9CDD-4807052E48E1}.Debug|Any CPU.Build.0 = Debug|Any CPU
		{40C9A899-C0F7-4A46-9CDD-4807052E48E1}.Release|Any CPU.ActiveCfg = Release|Any CPU
		{40C9A899-C0F7-4A46-9CDD-4807052E48E1}.Release|Any CPU.Build.0 = Release|Any CPU
		{67EF38C9-16D3-4B25-8094-49241AC08495}.Debug|Any CPU.ActiveCfg = Debug|Any CPU
		{67EF38C9-16D3-4B25-8094-49241AC08495}.Debug|Any CPU.Build.0 = Debug|Any CPU
		{67EF38C9-16D3-4B25-8094-49241AC08495}.Release|Any CPU.ActiveCfg = Release|Any CPU
		{67EF38C9-16D3-4B25-8094-49241AC08495}.Release|Any CPU.Build.0 = Release|Any CPU
	EndGlobalSection
EndGlobal
